// !$*UTF8*$!
{
	archiveVersion = 1;
	classes = {
	};
	objectVersion = 50;
	objects = {

/* Begin PBXBuildFile section */
		A6A300CB25C9E5460024A1B3 /* main.swift in Sources */ = {isa = PBXBuildFile; fileRef = A6A300CA25C9E5460024A1B3 /* main.swift */; };
		A6A300D325C9E5650024A1B3 /* Extensions.swift in Sources */ = {isa = PBXBuildFile; fileRef = A6A300D225C9E5650024A1B3 /* Extensions.swift */; };
		A6A300D625CB0C2B0024A1B3 /* Functions.swift in Sources */ = {isa = PBXBuildFile; fileRef = A6A300D525CB0C2B0024A1B3 /* Functions.swift */; };
		A6A300DF25CB0CFB0024A1B3 /* main.swift in Sources */ = {isa = PBXBuildFile; fileRef = A6A300DE25CB0CFB0024A1B3 /* main.swift */; };
		A6A300E525CB0D120024A1B3 /* Extensions.swift in Sources */ = {isa = PBXBuildFile; fileRef = A6A300D225C9E5650024A1B3 /* Extensions.swift */; };
		A6A300E825CB0D150024A1B3 /* Functions.swift in Sources */ = {isa = PBXBuildFile; fileRef = A6A300D525CB0C2B0024A1B3 /* Functions.swift */; };
		A6DB245525D6EDF300605AC9 /* iOS_TimeConverterApp.swift in Sources */ = {isa = PBXBuildFile; fileRef = A6DB245425D6EDF300605AC9 /* iOS_TimeConverterApp.swift */; };
		A6DB245725D6EDF400605AC9 /* ContentView.swift in Sources */ = {isa = PBXBuildFile; fileRef = A6DB245625D6EDF400605AC9 /* ContentView.swift */; };
		A6DB245925D6EDF800605AC9 /* Assets.xcassets in Resources */ = {isa = PBXBuildFile; fileRef = A6DB245825D6EDF800605AC9 /* Assets.xcassets */; };
		A6DB245C25D6EDF800605AC9 /* Preview Assets.xcassets in Resources */ = {isa = PBXBuildFile; fileRef = A6DB245B25D6EDF800605AC9 /* Preview Assets.xcassets */; };
		A6DB246425D6EDFD00605AC9 /* Functions.swift in Sources */ = {isa = PBXBuildFile; fileRef = A6A300D525CB0C2B0024A1B3 /* Functions.swift */; };
		A6DB246925D6EE2600605AC9 /* Enumerations.swift in Sources */ = {isa = PBXBuildFile; fileRef = A6DB246825D6EE2600605AC9 /* Enumerations.swift */; };
		A6DB246A25D6EE2600605AC9 /* Enumerations.swift in Sources */ = {isa = PBXBuildFile; fileRef = A6DB246825D6EE2600605AC9 /* Enumerations.swift */; };
		A6DB246B25D6EE2600605AC9 /* Enumerations.swift in Sources */ = {isa = PBXBuildFile; fileRef = A6DB246825D6EE2600605AC9 /* Enumerations.swift */; };
/* End PBXBuildFile section */

/* Begin PBXCopyFilesBuildPhase section */
		A6A300C525C9E5460024A1B3 /* CopyFiles */ = {
			isa = PBXCopyFilesBuildPhase;
			buildActionMask = 2147483647;
			dstPath = /usr/share/man/man1/;
			dstSubfolderSpec = 0;
			files = (
			);
			runOnlyForDeploymentPostprocessing = 1;
		};
		A6A300DA25CB0CFB0024A1B3 /* CopyFiles */ = {
			isa = PBXCopyFilesBuildPhase;
			buildActionMask = 2147483647;
			dstPath = /usr/share/man/man1/;
			dstSubfolderSpec = 0;
			files = (
			);
			runOnlyForDeploymentPostprocessing = 1;
		};
/* End PBXCopyFilesBuildPhase section */

/* Begin PBXFileReference section */
		A6A300C725C9E5460024A1B3 /* TemperatureConverter */ = {isa = PBXFileReference; explicitFileType = "compiled.mach-o.executable"; includeInIndex = 0; path = TemperatureConverter; sourceTree = BUILT_PRODUCTS_DIR; };
		A6A300CA25C9E5460024A1B3 /* main.swift */ = {isa = PBXFileReference; lastKnownFileType = sourcecode.swift; path = main.swift; sourceTree = "<group>"; };
		A6A300D225C9E5650024A1B3 /* Extensions.swift */ = {isa = PBXFileReference; fileEncoding = 4; lastKnownFileType = sourcecode.swift; path = Extensions.swift; sourceTree = "<group>"; };
		A6A300D525CB0C2B0024A1B3 /* Functions.swift */ = {isa = PBXFileReference; lastKnownFileType = sourcecode.swift; path = Functions.swift; sourceTree = "<group>"; };
		A6A300DC25CB0CFB0024A1B3 /* Time Converter */ = {isa = PBXFileReference; explicitFileType = "compiled.mach-o.executable"; includeInIndex = 0; path = "Time Converter"; sourceTree = BUILT_PRODUCTS_DIR; };
		A6A300DE25CB0CFB0024A1B3 /* main.swift */ = {isa = PBXFileReference; lastKnownFileType = sourcecode.swift; path = main.swift; sourceTree = "<group>"; };
		A6DB245225D6EDF300605AC9 /* iOS-TimeConverter.app */ = {isa = PBXFileReference; explicitFileType = wrapper.application; includeInIndex = 0; path = "iOS-TimeConverter.app"; sourceTree = BUILT_PRODUCTS_DIR; };
		A6DB245425D6EDF300605AC9 /* iOS_TimeConverterApp.swift */ = {isa = PBXFileReference; lastKnownFileType = sourcecode.swift; path = iOS_TimeConverterApp.swift; sourceTree = "<group>"; };
		A6DB245625D6EDF400605AC9 /* ContentView.swift */ = {isa = PBXFileReference; lastKnownFileType = sourcecode.swift; path = ContentView.swift; sourceTree = "<group>"; };
		A6DB245825D6EDF800605AC9 /* Assets.xcassets */ = {isa = PBXFileReference; lastKnownFileType = folder.assetcatalog; path = Assets.xcassets; sourceTree = "<group>"; };
		A6DB245B25D6EDF800605AC9 /* Preview Assets.xcassets */ = {isa = PBXFileReference; lastKnownFileType = folder.assetcatalog; path = "Preview Assets.xcassets"; sourceTree = "<group>"; };
		A6DB245D25D6EDF800605AC9 /* Info.plist */ = {isa = PBXFileReference; lastKnownFileType = text.plist.xml; path = Info.plist; sourceTree = "<group>"; };
		A6DB246825D6EE2600605AC9 /* Enumerations.swift */ = {isa = PBXFileReference; lastKnownFileType = sourcecode.swift; path = Enumerations.swift; sourceTree = "<group>"; };
/* End PBXFileReference section */

/* Begin PBXFrameworksBuildPhase section */
		A6A300C425C9E5460024A1B3 /* Frameworks */ = {
			isa = PBXFrameworksBuildPhase;
			buildActionMask = 2147483647;
			files = (
			);
			runOnlyForDeploymentPostprocessing = 0;
		};
		A6A300D925CB0CFB0024A1B3 /* Frameworks */ = {
			isa = PBXFrameworksBuildPhase;
			buildActionMask = 2147483647;
			files = (
			);
			runOnlyForDeploymentPostprocessing = 0;
		};
		A6DB244F25D6EDF300605AC9 /* Frameworks */ = {
			isa = PBXFrameworksBuildPhase;
			buildActionMask = 2147483647;
			files = (
			);
			runOnlyForDeploymentPostprocessing = 0;
		};
/* End PBXFrameworksBuildPhase section */

/* Begin PBXGroup section */
		A6A300BE25C9E5460024A1B3 = {
			isa = PBXGroup;
			children = (
				A6DB246825D6EE2600605AC9 /* Enumerations.swift */,
				A6A300D525CB0C2B0024A1B3 /* Functions.swift */,
				A6A300D225C9E5650024A1B3 /* Extensions.swift */,
				A6A300C925C9E5460024A1B3 /* TemperatureConverter */,
				A6A300DD25CB0CFB0024A1B3 /* Time Converter */,
				A6DB245325D6EDF300605AC9 /* iOS-TimeConverter */,
				A6A300C825C9E5460024A1B3 /* Products */,
			);
			sourceTree = "<group>";
		};
		A6A300C825C9E5460024A1B3 /* Products */ = {
			isa = PBXGroup;
			children = (
				A6A300C725C9E5460024A1B3 /* TemperatureConverter */,
				A6A300DC25CB0CFB0024A1B3 /* Time Converter */,
				A6DB245225D6EDF300605AC9 /* iOS-TimeConverter.app */,
			);
			name = Products;
			sourceTree = "<group>";
		};
		A6A300C925C9E5460024A1B3 /* TemperatureConverter */ = {
			isa = PBXGroup;
			children = (
				A6A300CA25C9E5460024A1B3 /* main.swift */,
			);
			path = TemperatureConverter;
			sourceTree = "<group>";
		};
		A6A300DD25CB0CFB0024A1B3 /* Time Converter */ = {
			isa = PBXGroup;
			children = (
				A6A300DE25CB0CFB0024A1B3 /* main.swift */,
			);
			path = "Time Converter";
			sourceTree = "<group>";
		};
		A6DB245325D6EDF300605AC9 /* iOS-TimeConverter */ = {
			isa = PBXGroup;
			children = (
				A6DB247A25D6F11B00605AC9 /* Models */,
				A6DB247625D6F10100605AC9 /* Views */,
				A6DB245425D6EDF300605AC9 /* iOS_TimeConverterApp.swift */,
				A6DB245825D6EDF800605AC9 /* Assets.xcassets */,
				A6DB245D25D6EDF800605AC9 /* Info.plist */,
				A6DB245A25D6EDF800605AC9 /* Preview Content */,
			);
			path = "iOS-TimeConverter";
			sourceTree = "<group>";
		};
		A6DB245A25D6EDF800605AC9 /* Preview Content */ = {
			isa = PBXGroup;
			children = (
				A6DB245B25D6EDF800605AC9 /* Preview Assets.xcassets */,
			);
			path = "Preview Content";
			sourceTree = "<group>";
		};
		A6DB247625D6F10100605AC9 /* Views */ = {
			isa = PBXGroup;
			children = (
				A6DB245625D6EDF400605AC9 /* ContentView.swift */,
			);
			path = Views;
			sourceTree = "<group>";
		};
		A6DB247A25D6F11B00605AC9 /* Models */ = {
			isa = PBXGroup;
			children = (
			);
			path = Models;
			sourceTree = "<group>";
		};
/* End PBXGroup section */

/* Begin PBXNativeTarget section */
		A6A300C625C9E5460024A1B3 /* TemperatureConverter */ = {
			isa = PBXNativeTarget;
			buildConfigurationList = A6A300CE25C9E5460024A1B3 /* Build configuration list for PBXNativeTarget "TemperatureConverter" */;
			buildPhases = (
				A6A300C325C9E5460024A1B3 /* Sources */,
				A6A300C425C9E5460024A1B3 /* Frameworks */,
				A6A300C525C9E5460024A1B3 /* CopyFiles */,
			);
			buildRules = (
			);
			dependencies = (
			);
			name = TemperatureConverter;
			productName = TemperatureConverter;
			productReference = A6A300C725C9E5460024A1B3 /* TemperatureConverter */;
			productType = "com.apple.product-type.tool";
		};
		A6A300DB25CB0CFB0024A1B3 /* Time Converter */ = {
			isa = PBXNativeTarget;
			buildConfigurationList = A6A300E025CB0CFB0024A1B3 /* Build configuration list for PBXNativeTarget "Time Converter" */;
			buildPhases = (
				A6A300D825CB0CFB0024A1B3 /* Sources */,
				A6A300D925CB0CFB0024A1B3 /* Frameworks */,
				A6A300DA25CB0CFB0024A1B3 /* CopyFiles */,
			);
			buildRules = (
			);
			dependencies = (
			);
			name = "Time Converter";
			productName = "Time Converter";
			productReference = A6A300DC25CB0CFB0024A1B3 /* Time Converter */;
			productType = "com.apple.product-type.tool";
		};
		A6DB245125D6EDF300605AC9 /* iOS-TimeConverter */ = {
			isa = PBXNativeTarget;
			buildConfigurationList = A6DB246025D6EDF800605AC9 /* Build configuration list for PBXNativeTarget "iOS-TimeConverter" */;
			buildPhases = (
				A6DB244E25D6EDF300605AC9 /* Sources */,
				A6DB244F25D6EDF300605AC9 /* Frameworks */,
				A6DB245025D6EDF300605AC9 /* Resources */,
			);
			buildRules = (
			);
			dependencies = (
			);
			name = "iOS-TimeConverter";
			productName = "iOS-TimeConverter";
			productReference = A6DB245225D6EDF300605AC9 /* iOS-TimeConverter.app */;
			productType = "com.apple.product-type.application";
		};
/* End PBXNativeTarget section */

/* Begin PBXProject section */
		A6A300BF25C9E5460024A1B3 /* Project object */ = {
			isa = PBXProject;
			attributes = {
				LastSwiftUpdateCheck = 1230;
				LastUpgradeCheck = 1230;
				TargetAttributes = {
					A6A300C625C9E5460024A1B3 = {
						CreatedOnToolsVersion = 12.3;
					};
					A6A300DB25CB0CFB0024A1B3 = {
						CreatedOnToolsVersion = 12.3;
					};
					A6DB245125D6EDF300605AC9 = {
						CreatedOnToolsVersion = 12.3;
					};
				};
			};
			buildConfigurationList = A6A300C225C9E5460024A1B3 /* Build configuration list for PBXProject "TemperatureConverter" */;
			compatibilityVersion = "Xcode 9.3";
			developmentRegion = en;
			hasScannedForEncodings = 0;
			knownRegions = (
				en,
				Base,
			);
			mainGroup = A6A300BE25C9E5460024A1B3;
			productRefGroup = A6A300C825C9E5460024A1B3 /* Products */;
			projectDirPath = "";
			projectRoot = "";
			targets = (
				A6A300C625C9E5460024A1B3 /* TemperatureConverter */,
				A6A300DB25CB0CFB0024A1B3 /* Time Converter */,
				A6DB245125D6EDF300605AC9 /* iOS-TimeConverter */,
			);
		};
/* End PBXProject section */

/* Begin PBXResourcesBuildPhase section */
		A6DB245025D6EDF300605AC9 /* Resources */ = {
			isa = PBXResourcesBuildPhase;
			buildActionMask = 2147483647;
			files = (
				A6DB245C25D6EDF800605AC9 /* Preview Assets.xcassets in Resources */,
				A6DB245925D6EDF800605AC9 /* Assets.xcassets in Resources */,
			);
			runOnlyForDeploymentPostprocessing = 0;
		};
/* End PBXResourcesBuildPhase section */

/* Begin PBXSourcesBuildPhase section */
		A6A300C325C9E5460024A1B3 /* Sources */ = {
			isa = PBXSourcesBuildPhase;
			buildActionMask = 2147483647;
			files = (
				A6A300CB25C9E5460024A1B3 /* main.swift in Sources */,
				A6A300D325C9E5650024A1B3 /* Extensions.swift in Sources */,
				A6A300D625CB0C2B0024A1B3 /* Functions.swift in Sources */,
				A6DB246925D6EE2600605AC9 /* Enumerations.swift in Sources */,
			);
			runOnlyForDeploymentPostprocessing = 0;
		};
		A6A300D825CB0CFB0024A1B3 /* Sources */ = {
			isa = PBXSourcesBuildPhase;
			buildActionMask = 2147483647;
			files = (
				A6A300DF25CB0CFB0024A1B3 /* main.swift in Sources */,
				A6A300E525CB0D120024A1B3 /* Extensions.swift in Sources */,
				A6A300E825CB0D150024A1B3 /* Functions.swift in Sources */,
				A6DB246A25D6EE2600605AC9 /* Enumerations.swift in Sources */,
			);
			runOnlyForDeploymentPostprocessing = 0;
		};
		A6DB244E25D6EDF300605AC9 /* Sources */ = {
			isa = PBXSourcesBuildPhase;
			buildActionMask = 2147483647;
			files = (
				A6DB245725D6EDF400605AC9 /* ContentView.swift in Sources */,
				A6DB245525D6EDF300605AC9 /* iOS_TimeConverterApp.swift in Sources */,
				A6DB246425D6EDFD00605AC9 /* Functions.swift in Sources */,
				A6DB246B25D6EE2600605AC9 /* Enumerations.swift in Sources */,
			);
			runOnlyForDeploymentPostprocessing = 0;
		};
/* End PBXSourcesBuildPhase section */

/* Begin XCBuildConfiguration section */
		A6A300CC25C9E5460024A1B3 /* Debug */ = {
			isa = XCBuildConfiguration;
			buildSettings = {
				ALWAYS_SEARCH_USER_PATHS = NO;
				CLANG_ANALYZER_NONNULL = YES;
				CLANG_ANALYZER_NUMBER_OBJECT_CONVERSION = YES_AGGRESSIVE;
				CLANG_CXX_LANGUAGE_STANDARD = "gnu++14";
				CLANG_CXX_LIBRARY = "libc++";
				CLANG_ENABLE_MODULES = YES;
				CLANG_ENABLE_OBJC_ARC = YES;
				CLANG_ENABLE_OBJC_WEAK = YES;
				CLANG_WARN_BLOCK_CAPTURE_AUTORELEASING = YES;
				CLANG_WARN_BOOL_CONVERSION = YES;
				CLANG_WARN_COMMA = YES;
				CLANG_WARN_CONSTANT_CONVERSION = YES;
				CLANG_WARN_DEPRECATED_OBJC_IMPLEMENTATIONS = YES;
				CLANG_WARN_DIRECT_OBJC_ISA_USAGE = YES_ERROR;
				CLANG_WARN_DOCUMENTATION_COMMENTS = YES;
				CLANG_WARN_EMPTY_BODY = YES;
				CLANG_WARN_ENUM_CONVERSION = YES;
				CLANG_WARN_INFINITE_RECURSION = YES;
				CLANG_WARN_INT_CONVERSION = YES;
				CLANG_WARN_NON_LITERAL_NULL_CONVERSION = YES;
				CLANG_WARN_OBJC_IMPLICIT_RETAIN_SELF = YES;
				CLANG_WARN_OBJC_LITERAL_CONVERSION = YES;
				CLANG_WARN_OBJC_ROOT_CLASS = YES_ERROR;
				CLANG_WARN_QUOTED_INCLUDE_IN_FRAMEWORK_HEADER = YES;
				CLANG_WARN_RANGE_LOOP_ANALYSIS = YES;
				CLANG_WARN_STRICT_PROTOTYPES = YES;
				CLANG_WARN_SUSPICIOUS_MOVE = YES;
				CLANG_WARN_UNGUARDED_AVAILABILITY = YES_AGGRESSIVE;
				CLANG_WARN_UNREACHABLE_CODE = YES;
				CLANG_WARN__DUPLICATE_METHOD_MATCH = YES;
				COPY_PHASE_STRIP = NO;
				DEBUG_INFORMATION_FORMAT = dwarf;
				ENABLE_STRICT_OBJC_MSGSEND = YES;
				ENABLE_TESTABILITY = YES;
				GCC_C_LANGUAGE_STANDARD = gnu11;
				GCC_DYNAMIC_NO_PIC = NO;
				GCC_NO_COMMON_BLOCKS = YES;
				GCC_OPTIMIZATION_LEVEL = 0;
				GCC_PREPROCESSOR_DEFINITIONS = (
					"DEBUG=1",
					"$(inherited)",
				);
				GCC_WARN_64_TO_32_BIT_CONVERSION = YES;
				GCC_WARN_ABOUT_RETURN_TYPE = YES_ERROR;
				GCC_WARN_UNDECLARED_SELECTOR = YES;
				GCC_WARN_UNINITIALIZED_AUTOS = YES_AGGRESSIVE;
				GCC_WARN_UNUSED_FUNCTION = YES;
				GCC_WARN_UNUSED_VARIABLE = YES;
				MACOSX_DEPLOYMENT_TARGET = 10.15;
				MTL_ENABLE_DEBUG_INFO = INCLUDE_SOURCE;
				MTL_FAST_MATH = YES;
				ONLY_ACTIVE_ARCH = YES;
				SDKROOT = macosx;
				SWIFT_ACTIVE_COMPILATION_CONDITIONS = DEBUG;
				SWIFT_OPTIMIZATION_LEVEL = "-Onone";
			};
			name = Debug;
		};
		A6A300CD25C9E5460024A1B3 /* Release */ = {
			isa = XCBuildConfiguration;
			buildSettings = {
				ALWAYS_SEARCH_USER_PATHS = NO;
				CLANG_ANALYZER_NONNULL = YES;
				CLANG_ANALYZER_NUMBER_OBJECT_CONVERSION = YES_AGGRESSIVE;
				CLANG_CXX_LANGUAGE_STANDARD = "gnu++14";
				CLANG_CXX_LIBRARY = "libc++";
				CLANG_ENABLE_MODULES = YES;
				CLANG_ENABLE_OBJC_ARC = YES;
				CLANG_ENABLE_OBJC_WEAK = YES;
				CLANG_WARN_BLOCK_CAPTURE_AUTORELEASING = YES;
				CLANG_WARN_BOOL_CONVERSION = YES;
				CLANG_WARN_COMMA = YES;
				CLANG_WARN_CONSTANT_CONVERSION = YES;
				CLANG_WARN_DEPRECATED_OBJC_IMPLEMENTATIONS = YES;
				CLANG_WARN_DIRECT_OBJC_ISA_USAGE = YES_ERROR;
				CLANG_WARN_DOCUMENTATION_COMMENTS = YES;
				CLANG_WARN_EMPTY_BODY = YES;
				CLANG_WARN_ENUM_CONVERSION = YES;
				CLANG_WARN_INFINITE_RECURSION = YES;
				CLANG_WARN_INT_CONVERSION = YES;
				CLANG_WARN_NON_LITERAL_NULL_CONVERSION = YES;
				CLANG_WARN_OBJC_IMPLICIT_RETAIN_SELF = YES;
				CLANG_WARN_OBJC_LITERAL_CONVERSION = YES;
				CLANG_WARN_OBJC_ROOT_CLASS = YES_ERROR;
				CLANG_WARN_QUOTED_INCLUDE_IN_FRAMEWORK_HEADER = YES;
				CLANG_WARN_RANGE_LOOP_ANALYSIS = YES;
				CLANG_WARN_STRICT_PROTOTYPES = YES;
				CLANG_WARN_SUSPICIOUS_MOVE = YES;
				CLANG_WARN_UNGUARDED_AVAILABILITY = YES_AGGRESSIVE;
				CLANG_WARN_UNREACHABLE_CODE = YES;
				CLANG_WARN__DUPLICATE_METHOD_MATCH = YES;
				COPY_PHASE_STRIP = NO;
				DEBUG_INFORMATION_FORMAT = "dwarf-with-dsym";
				ENABLE_NS_ASSERTIONS = NO;
				ENABLE_STRICT_OBJC_MSGSEND = YES;
				GCC_C_LANGUAGE_STANDARD = gnu11;
				GCC_NO_COMMON_BLOCKS = YES;
				GCC_WARN_64_TO_32_BIT_CONVERSION = YES;
				GCC_WARN_ABOUT_RETURN_TYPE = YES_ERROR;
				GCC_WARN_UNDECLARED_SELECTOR = YES;
				GCC_WARN_UNINITIALIZED_AUTOS = YES_AGGRESSIVE;
				GCC_WARN_UNUSED_FUNCTION = YES;
				GCC_WARN_UNUSED_VARIABLE = YES;
				MACOSX_DEPLOYMENT_TARGET = 10.15;
				MTL_ENABLE_DEBUG_INFO = NO;
				MTL_FAST_MATH = YES;
				SDKROOT = macosx;
				SWIFT_COMPILATION_MODE = wholemodule;
				SWIFT_OPTIMIZATION_LEVEL = "-O";
			};
			name = Release;
		};
		A6A300CF25C9E5460024A1B3 /* Debug */ = {
			isa = XCBuildConfiguration;
			buildSettings = {
				CODE_SIGN_STYLE = Automatic;
				DEVELOPMENT_TEAM = S2D4LD8KV4;
				ENABLE_HARDENED_RUNTIME = YES;
				PRODUCT_NAME = "$(TARGET_NAME)";
				SWIFT_VERSION = 5.0;
			};
			name = Debug;
		};
		A6A300D025C9E5460024A1B3 /* Release */ = {
			isa = XCBuildConfiguration;
			buildSettings = {
				CODE_SIGN_STYLE = Automatic;
				DEVELOPMENT_TEAM = S2D4LD8KV4;
				ENABLE_HARDENED_RUNTIME = YES;
				PRODUCT_NAME = "$(TARGET_NAME)";
				SWIFT_VERSION = 5.0;
			};
			name = Release;
		};
		A6A300E125CB0CFB0024A1B3 /* Debug */ = {
			isa = XCBuildConfiguration;
			buildSettings = {
				CODE_SIGN_STYLE = Automatic;
				DEVELOPMENT_TEAM = S2D4LD8KV4;
				ENABLE_HARDENED_RUNTIME = YES;
				PRODUCT_NAME = "$(TARGET_NAME)";
				SWIFT_VERSION = 5.0;
			};
			name = Debug;
		};
		A6A300E225CB0CFB0024A1B3 /* Release */ = {
			isa = XCBuildConfiguration;
			buildSettings = {
				CODE_SIGN_STYLE = Automatic;
				DEVELOPMENT_TEAM = S2D4LD8KV4;
				ENABLE_HARDENED_RUNTIME = YES;
				PRODUCT_NAME = "$(TARGET_NAME)";
				SWIFT_VERSION = 5.0;
			};
			name = Release;
		};
		A6DB245E25D6EDF800605AC9 /* Debug */ = {
			isa = XCBuildConfiguration;
			buildSettings = {
				ASSETCATALOG_COMPILER_APPICON_NAME = AppIcon;
				ASSETCATALOG_COMPILER_GLOBAL_ACCENT_COLOR_NAME = AccentColor;
				CODE_SIGN_STYLE = Automatic;
				DEVELOPMENT_ASSET_PATHS = "\"iOS-TimeConverter/Preview Content\"";
				DEVELOPMENT_TEAM = S2D4LD8KV4;
				ENABLE_PREVIEWS = YES;
				INFOPLIST_FILE = "iOS-TimeConverter/Info.plist";
				IPHONEOS_DEPLOYMENT_TARGET = 14.3;
				LD_RUNPATH_SEARCH_PATHS = (
					"$(inherited)",
					"@executable_path/Frameworks",
				);
				PRODUCT_BUNDLE_IDENTIFIER = "ca.bradleykang.iOS-TimeConverter";
				PRODUCT_NAME = "$(TARGET_NAME)";
				SDKROOT = iphoneos;
				SWIFT_VERSION = 5.0;
				TARGETED_DEVICE_FAMILY = "1,2";
			};
			name = Debug;
		};
		A6DB245F25D6EDF800605AC9 /* Release */ = {
			isa = XCBuildConfiguration;
			buildSettings = {
				ASSETCATALOG_COMPILER_APPICON_NAME = AppIcon;
				ASSETCATALOG_COMPILER_GLOBAL_ACCENT_COLOR_NAME = AccentColor;
				CODE_SIGN_STYLE = Automatic;
				DEVELOPMENT_ASSET_PATHS = "\"iOS-TimeConverter/Preview Content\"";
				DEVELOPMENT_TEAM = S2D4LD8KV4;
				ENABLE_PREVIEWS = YES;
				INFOPLIST_FILE = "iOS-TimeConverter/Info.plist";
				IPHONEOS_DEPLOYMENT_TARGET = 14.3;
				LD_RUNPATH_SEARCH_PATHS = (
					"$(inherited)",
					"@executable_path/Frameworks",
				);
				PRODUCT_BUNDLE_IDENTIFIER = "ca.bradleykang.iOS-TimeConverter";
				PRODUCT_NAME = "$(TARGET_NAME)";
				SDKROOT = iphoneos;
				SWIFT_VERSION = 5.0;
				TARGETED_DEVICE_FAMILY = "1,2";
				VALIDATE_PRODUCT = YES;
			};
			name = Release;
		};
/* End XCBuildConfiguration section */

/* Begin XCConfigurationList section */
		A6A300C225C9E5460024A1B3 /* Build configuration list for PBXProject "TemperatureConverter" */ = {
			isa = XCConfigurationList;
			buildConfigurations = (
				A6A300CC25C9E5460024A1B3 /* Debug */,
				A6A300CD25C9E5460024A1B3 /* Release */,
			);
			defaultConfigurationIsVisible = 0;
			defaultConfigurationName = Release;
		};
		A6A300CE25C9E5460024A1B3 /* Build configuration list for PBXNativeTarget "TemperatureConverter" */ = {
			isa = XCConfigurationList;
			buildConfigurations = (
				A6A300CF25C9E5460024A1B3 /* Debug */,
				A6A300D025C9E5460024A1B3 /* Release */,
			);
			defaultConfigurationIsVisible = 0;
			defaultConfigurationName = Release;
		};
		A6A300E025CB0CFB0024A1B3 /* Build configuration list for PBXNativeTarget "Time Converter" */ = {
			isa = XCConfigurationList;
			buildConfigurations = (
				A6A300E125CB0CFB0024A1B3 /* Debug */,
				A6A300E225CB0CFB0024A1B3 /* Release */,
			);
			defaultConfigurationIsVisible = 0;
			defaultConfigurationName = Release;
		};
		A6DB246025D6EDF800605AC9 /* Build configuration list for PBXNativeTarget "iOS-TimeConverter" */ = {
			isa = XCConfigurationList;
			buildConfigurations = (
				A6DB245E25D6EDF800605AC9 /* Debug */,
				A6DB245F25D6EDF800605AC9 /* Release */,
			);
			defaultConfigurationIsVisible = 0;
			defaultConfigurationName = Release;
		};
/* End XCConfigurationList section */
	};
	rootObject = A6A300BF25C9E5460024A1B3 /* Project object */;
}
